
Microsoft Visual Studio Solution File, Format Version 12.00
# Visual Studio Version 17
VisualStudioVersion = 17.0.31903.59
MinimumVisualStudioVersion = 10.0.40219.1
Project("{2150E333-8FDC-42A3-9474-1A3956D46DE8}") = "common", "common", "{6A80CF10-CF79-48A5-AED5-78E5EB61188D}"
	ProjectSection(SolutionItems) = preProject
		.git\COMMIT_EDITMSG = .git\COMMIT_EDITMSG
		.git\config = .git\config
		.git\description = .git\description
		.git\HEAD = .git\HEAD
		.git\hooks\applypatch-msg.sample = .git\hooks\applypatch-msg.sample
		.git\hooks\commit-msg.sample = .git\hooks\commit-msg.sample
		.git\hooks\fsmonitor-watchman.sample = .git\hooks\fsmonitor-watchman.sample
		.git\hooks\post-update.sample = .git\hooks\post-update.sample
		.git\hooks\pre-applypatch.sample = .git\hooks\pre-applypatch.sample
		.git\hooks\pre-commit.sample = .git\hooks\pre-commit.sample
		.git\hooks\pre-merge-commit.sample = .git\hooks\pre-merge-commit.sample
		.git\hooks\pre-push.sample = .git\hooks\pre-push.sample
		.git\hooks\pre-rebase.sample = .git\hooks\pre-rebase.sample
		.git\hooks\pre-receive.sample = .git\hooks\pre-receive.sample
		.git\hooks\prepare-commit-msg.sample = .git\hooks\prepare-commit-msg.sample
		.git\hooks\push-to-checkout.sample = .git\hooks\push-to-checkout.sample
		.git\hooks\sendemail-validate.sample = .git\hooks\sendemail-validate.sample
		.git\hooks\update.sample = .git\hooks\update.sample
		.git\index = .git\index
		.git\info\exclude = .git\info\exclude
		.git\logs\HEAD = .git\logs\HEAD
		.git\logs\refs\heads\main = .git\logs\refs\heads\main
		.git\logs\refs\remotes\origin\HEAD = .git\logs\refs\remotes\origin\HEAD
		.git\logs\refs\remotes\origin\main = .git\logs\refs\remotes\origin\main
		.git\objects\26\be3164ef6f35e70f40430e5d16bb910b745fb8 = .git\objects\26\be3164ef6f35e70f40430e5d16bb910b745fb8
		.git\objects\2b\457fba702e37f5c35863b68a10217b9b9020a2 = .git\objects\2b\457fba702e37f5c35863b68a10217b9b9020a2
		.git\objects\37\51555cbd32d09340c8cb7b75ce8311c4330054 = .git\objects\37\51555cbd32d09340c8cb7b75ce8311c4330054
		.git\objects\3d\98089c1e0801c6e3cb76adfe6932982dec91cc = .git\objects\3d\98089c1e0801c6e3cb76adfe6932982dec91cc
		.git\objects\58\f910531667102a4551b1bb92513c342ee6b807 = .git\objects\58\f910531667102a4551b1bb92513c342ee6b807
		.git\objects\5f\16a395174df16b8df12124614c0d182e38fd4e = .git\objects\5f\16a395174df16b8df12124614c0d182e38fd4e
		.git\objects\8b\d8a43576735b0c891c8568d23b33b4f9ad538e = .git\objects\8b\d8a43576735b0c891c8568d23b33b4f9ad538e
		.git\objects\b1\bae0f8f0ac532c9df9cce52a2c6275dfb793f9 = .git\objects\b1\bae0f8f0ac532c9df9cce52a2c6275dfb793f9
		.git\objects\bc\78471db12ff8f121dd5bf5c358b20efdace747 = .git\objects\bc\78471db12ff8f121dd5bf5c358b20efdace747
		.git\objects\c5\718e110d34483762f906d5c94879134166ee5a = .git\objects\c5\718e110d34483762f906d5c94879134166ee5a
		.git\objects\de\6440ecbff757deedbd5bd08a910134857b4219 = .git\objects\de\6440ecbff757deedbd5bd08a910134857b4219
		.git\objects\fd\4bd08da298721707dc853bf68fa85398f32f27 = .git\objects\fd\4bd08da298721707dc853bf68fa85398f32f27
		.git\objects\pack\pack-5d7d26be253779f3ba6daa8a037388d8bd15ac7d.idx = .git\objects\pack\pack-5d7d26be253779f3ba6daa8a037388d8bd15ac7d.idx
		.git\objects\pack\pack-5d7d26be253779f3ba6daa8a037388d8bd15ac7d.pack = .git\objects\pack\pack-5d7d26be253779f3ba6daa8a037388d8bd15ac7d.pack
		.git\objects\pack\pack-5d7d26be253779f3ba6daa8a037388d8bd15ac7d.rev = .git\objects\pack\pack-5d7d26be253779f3ba6daa8a037388d8bd15ac7d.rev
		.git\packed-refs = .git\packed-refs
		.git\refs\heads\main = .git\refs\heads\main
		.git\refs\remotes\origin\HEAD = .git\refs\remotes\origin\HEAD
		.git\refs\remotes\origin\main = .git\refs\remotes\origin\main
		.idea\.idea.Solution\.idea\.gitignore = .idea\.idea.Solution\.idea\.gitignore
		.idea\.idea.Solution\.idea\.name = .idea\.idea.Solution\.idea\.name
		.idea\.idea.Solution\.idea\encodings.xml = .idea\.idea.Solution\.idea\encodings.xml
		.idea\.idea.Solution\.idea\indexLayout.xml = .idea\.idea.Solution\.idea\indexLayout.xml
		.idea\.idea.Solution\.idea\projectSettingsUpdater.xml = .idea\.idea.Solution\.idea\projectSettingsUpdater.xml
		.idea\.idea.Solution\.idea\vcs.xml = .idea\.idea.Solution\.idea\vcs.xml
		.idea\.idea.Solution\.idea\workspace.xml = .idea\.idea.Solution\.idea\workspace.xml
		.idea\.idea.UrlShortener\.idea\.gitignore = .idea\.idea.UrlShortener\.idea\.gitignore
		.idea\.idea.UrlShortener\.idea\.name = .idea\.idea.UrlShortener\.idea\.name
		.idea\.idea.UrlShortener\.idea\encodings.xml = .idea\.idea.UrlShortener\.idea\encodings.xml
		.idea\.idea.UrlShortener\.idea\indexLayout.xml = .idea\.idea.UrlShortener\.idea\indexLayout.xml
		.idea\.idea.UrlShortener\.idea\projectSettingsUpdater.xml = .idea\.idea.UrlShortener\.idea\projectSettingsUpdater.xml
		.idea\.idea.UrlShortener\.idea\vcs.xml = .idea\.idea.UrlShortener\.idea\vcs.xml
		.idea\.idea.UrlShortener\.idea\workspace.xml = .idea\.idea.UrlShortener\.idea\workspace.xml
		.gitignore = .gitignore
		README.md = README.md
	EndProjectSection
EndProject
Project("{2150E333-8FDC-42A3-9474-1A3956D46DE8}") = "src", "src", "{4453FA52-D571-4783-B73A-E163CC3FA325}"
EndProject
Project("{FAE04EC0-301F-11D3-BF4B-00C04F79EFBC}") = "UrlShortener", "src\UrlShortener\UrlShortener.csproj", "{EF9E4F6A-83DB-4120-9404-296880F26C19}"
EndProject
Project("{2150E333-8FDC-42A3-9474-1A3956D46DE8}") = "tests", "tests", "{B7A1EA36-794A-498D-AC41-000EBCF7AC5A}"
EndProject
Global
	GlobalSection(SolutionConfigurationPlatforms) = preSolution
		Debug|Any CPU = Debug|Any CPU
		Release|Any CPU = Release|Any CPU
	EndGlobalSection
	GlobalSection(SolutionProperties) = preSolution
		HideSolutionNode = FALSE
	EndGlobalSection
	GlobalSection(ProjectConfigurationPlatforms) = postSolution
		{EF9E4F6A-83DB-4120-9404-296880F26C19}.Debug|Any CPU.ActiveCfg = Debug|Any CPU
		{EF9E4F6A-83DB-4120-9404-296880F26C19}.Debug|Any CPU.Build.0 = Debug|Any CPU
		{EF9E4F6A-83DB-4120-9404-296880F26C19}.Release|Any CPU.ActiveCfg = Release|Any CPU
		{EF9E4F6A-83DB-4120-9404-296880F26C19}.Release|Any CPU.Build.0 = Release|Any CPU
	EndGlobalSection
	GlobalSection(NestedProjects) = preSolution
		{EF9E4F6A-83DB-4120-9404-296880F26C19} = {4453FA52-D571-4783-B73A-E163CC3FA325}
	EndGlobalSection
EndGlobal
